
Microsoft Visual Studio Solution File, Format Version 12.00
# Visual Studio Version 17
VisualStudioVersion = 17.1.32414.318
MinimumVisualStudioVersion = 10.0.40219.1
Project("{9A19103F-16F7-4668-BE54-9A1E7A4F7556}") = "Lea.Data", "Data\Lea.Data\Lea.Data.csproj", "{A29691CC-D97C-4500-B20B-FDFA0D3F5707}"
EndProject
Project("{9A19103F-16F7-4668-BE54-9A1E7A4F7556}") = "Lea.Data.Common", "Data\Lea.Data.Common\Lea.Data.Common.csproj", "{6E8A5E4E-AB09-4A38-AE42-D97CD72478FB}"
EndProject
Project("{9A19103F-16F7-4668-BE54-9A1E7A4F7556}") = "Lea.Data.Entities", "Data\Lea.Data.Entities\Lea.Data.Entities.csproj", "{7D6D58B8-B922-4A96-B122-1FA6AD322749}"
EndProject
Project("{9A19103F-16F7-4668-BE54-9A1E7A4F7556}") = "Lea.Web", "Web\Lea.Web\Lea.Web.csproj", "{E59D7918-56FB-4380-9253-0AE379477391}"
EndProject
Project("{9A19103F-16F7-4668-BE54-9A1E7A4F7556}") = "Lea.Web.Responses", "Web\Lea.Web.Responses\Lea.Web.Responses.csproj", "{0609C772-0EA7-4BCE-A779-9FD1651D3F10}"
EndProject
Project("{9A19103F-16F7-4668-BE54-9A1E7A4F7556}") = "Lea.Web.Commands", "Web\Lea.Web.Commands\Lea.Web.Commands.csproj", "{83211A93-D159-4E11-8CE7-4F407C05C430}"
EndProject
Project("{2150E333-8FDC-42A3-9474-1A3956D46DE8}") = "Data", "Data", "{7083F436-AF63-4B8E-8C90-18091C5B5320}"
EndProject
Project("{2150E333-8FDC-42A3-9474-1A3956D46DE8}") = "Services", "Services", "{0DCA405F-61C2-41A6-879E-619315180CB1}"
EndProject
Project("{2150E333-8FDC-42A3-9474-1A3956D46DE8}") = "Web", "Web", "{32F77C58-7709-4E9A-AAD9-D892FF32631B}"
EndProject
Project("{9A19103F-16F7-4668-BE54-9A1E7A4F7556}") = "Lea.Services.Data.Models", "Services\Lea.Services.Models\Lea.Services.Data.Models.csproj", "{A2ED83A9-28C5-42B8-9580-01AB8155BF73}"
EndProject
Project("{9A19103F-16F7-4668-BE54-9A1E7A4F7556}") = "Lea.Services", "Services\Lea.Services\Lea.Services.csproj", "{B6E7D620-8CF4-448F-8F40-9A198A18AF89}"
EndProject
Project("{9A19103F-16F7-4668-BE54-9A1E7A4F7556}") = "Lea.Services.Data", "Services\Lea.Services.Data\Lea.Services.Data.csproj", "{FB4FBC49-652B-4D02-BDD0-BC17A20C43CA}"
EndProject
Project("{2150E333-8FDC-42A3-9474-1A3956D46DE8}") = "Tests", "Tests", "{32CC51F3-F437-4D4B-A8D4-6F5F1786C530}"
EndProject
Project("{2150E333-8FDC-42A3-9474-1A3956D46DE8}") = "Common", "Common", "{46D9B505-38C6-4DC9-8E72-DACD2C5E9F33}"
EndProject
Project("{9A19103F-16F7-4668-BE54-9A1E7A4F7556}") = "Lea.Services.AutoMapper", "Services\Lea.Services.AutoMapper\Lea.Services.AutoMapper.csproj", "{C672889F-FFAB-4611-8F0A-7D3B5218323E}"
EndProject
Project("{9A19103F-16F7-4668-BE54-9A1E7A4F7556}") = "Lea.Services.Emails", "Services\Lea.Services.Emails\Lea.Services.Emails.csproj", "{B1123865-A78B-44E2-874F-C1F9C4502224}"
EndProject
Project("{9A19103F-16F7-4668-BE54-9A1E7A4F7556}") = "Lea.Common", "Common\Lea.Common\Lea.Common.csproj", "{F1A6C9E0-2007-4B46-B0D4-AF589E54E5E0}"
EndProject
Project("{9A19103F-16F7-4668-BE54-9A1E7A4F7556}") = "Lea.Web.Handlers", "Web\Lea.Web.Handlers\Lea.Web.Handlers.csproj", "{A294C86B-1E1C-4C7F-A5E7-8C0330287E62}"
EndProject
Project("{FAE04EC0-301F-11D3-BF4B-00C04F79EFBC}") = "Lea.Handlers.Tests", "Tests\Lea.Handlers.Tests\Lea.Handlers.Tests.csproj", "{8C209D9B-A355-455C-9969-EC1DFDF48833}"
EndProject
Project("{FAE04EC0-301F-11D3-BF4B-00C04F79EFBC}") = "Lea.Services.Tests", "Tests\Lea.Services.Tests\Lea.Services.Tests.csproj", "{27922FF8-4F80-480E-ACB5-A980D7520C41}"
EndProject
Global
	GlobalSection(SolutionConfigurationPlatforms) = preSolution
		Debug|Any CPU = Debug|Any CPU
		Release|Any CPU = Release|Any CPU
	EndGlobalSection
	GlobalSection(ProjectConfigurationPlatforms) = postSolution
		{A29691CC-D97C-4500-B20B-FDFA0D3F5707}.Debug|Any CPU.ActiveCfg = Debug|Any CPU
		{A29691CC-D97C-4500-B20B-FDFA0D3F5707}.Debug|Any CPU.Build.0 = Debug|Any CPU
		{A29691CC-D97C-4500-B20B-FDFA0D3F5707}.Release|Any CPU.ActiveCfg = Release|Any CPU
		{A29691CC-D97C-4500-B20B-FDFA0D3F5707}.Release|Any CPU.Build.0 = Release|Any CPU
		{6E8A5E4E-AB09-4A38-AE42-D97CD72478FB}.Debug|Any CPU.ActiveCfg = Debug|Any CPU
		{6E8A5E4E-AB09-4A38-AE42-D97CD72478FB}.Debug|Any CPU.Build.0 = Debug|Any CPU
		{6E8A5E4E-AB09-4A38-AE42-D97CD72478FB}.Release|Any CPU.ActiveCfg = Release|Any CPU
		{6E8A5E4E-AB09-4A38-AE42-D97CD72478FB}.Release|Any CPU.Build.0 = Release|Any CPU
		{7D6D58B8-B922-4A96-B122-1FA6AD322749}.Debug|Any CPU.ActiveCfg = Debug|Any CPU
		{7D6D58B8-B922-4A96-B122-1FA6AD322749}.Debug|Any CPU.Build.0 = Debug|Any CPU
		{7D6D58B8-B922-4A96-B122-1FA6AD322749}.Release|Any CPU.ActiveCfg = Release|Any CPU
		{7D6D58B8-B922-4A96-B122-1FA6AD322749}.Release|Any CPU.Build.0 = Release|Any CPU
		{E59D7918-56FB-4380-9253-0AE379477391}.Debug|Any CPU.ActiveCfg = Debug|Any CPU
		{E59D7918-56FB-4380-9253-0AE379477391}.Debug|Any CPU.Build.0 = Debug|Any CPU
		{E59D7918-56FB-4380-9253-0AE379477391}.Release|Any CPU.ActiveCfg = Release|Any CPU
		{E59D7918-56FB-4380-9253-0AE379477391}.Release|Any CPU.Build.0 = Release|Any CPU
		{0609C772-0EA7-4BCE-A779-9FD1651D3F10}.Debug|Any CPU.ActiveCfg = Debug|Any CPU
		{0609C772-0EA7-4BCE-A779-9FD1651D3F10}.Debug|Any CPU.Build.0 = Debug|Any CPU
		{0609C772-0EA7-4BCE-A779-9FD1651D3F10}.Release|Any CPU.ActiveCfg = Release|Any CPU
		{0609C772-0EA7-4BCE-A779-9FD1651D3F10}.Release|Any CPU.Build.0 = Release|Any CPU
		{83211A93-D159-4E11-8CE7-4F407C05C430}.Debug|Any CPU.ActiveCfg = Debug|Any CPU
		{83211A93-D159-4E11-8CE7-4F407C05C430}.Debug|Any CPU.Build.0 = Debug|Any CPU
		{83211A93-D159-4E11-8CE7-4F407C05C430}.Release|Any CPU.ActiveCfg = Release|Any CPU
		{83211A93-D159-4E11-8CE7-4F407C05C430}.Release|Any CPU.Build.0 = Release|Any CPU
		{A2ED83A9-28C5-42B8-9580-01AB8155BF73}.Debug|Any CPU.ActiveCfg = Debug|Any CPU
		{A2ED83A9-28C5-42B8-9580-01AB8155BF73}.Debug|Any CPU.Build.0 = Debug|Any CPU
		{A2ED83A9-28C5-42B8-9580-01AB8155BF73}.Release|Any CPU.ActiveCfg = Release|Any CPU
		{A2ED83A9-28C5-42B8-9580-01AB8155BF73}.Release|Any CPU.Build.0 = Release|Any CPU
		{B6E7D620-8CF4-448F-8F40-9A198A18AF89}.Debug|Any CPU.ActiveCfg = Debug|Any CPU
		{B6E7D620-8CF4-448F-8F40-9A198A18AF89}.Debug|Any CPU.Build.0 = Debug|Any CPU
		{B6E7D620-8CF4-448F-8F40-9A198A18AF89}.Release|Any CPU.ActiveCfg = Release|Any CPU
		{B6E7D620-8CF4-448F-8F40-9A198A18AF89}.Release|Any CPU.Build.0 = Release|Any CPU
		{FB4FBC49-652B-4D02-BDD0-BC17A20C43CA}.Debug|Any CPU.ActiveCfg = Debug|Any CPU
		{FB4FBC49-652B-4D02-BDD0-BC17A20C43CA}.Debug|Any CPU.Build.0 = Debug|Any CPU
		{FB4FBC49-652B-4D02-BDD0-BC17A20C43CA}.Release|Any CPU.ActiveCfg = Release|Any CPU
		{FB4FBC49-652B-4D02-BDD0-BC17A20C43CA}.Release|Any CPU.Build.0 = Release|Any CPU
		{C672889F-FFAB-4611-8F0A-7D3B5218323E}.Debug|Any CPU.ActiveCfg = Debug|Any CPU
		{C672889F-FFAB-4611-8F0A-7D3B5218323E}.Debug|Any CPU.Build.0 = Debug|Any CPU
		{C672889F-FFAB-4611-8F0A-7D3B5218323E}.Release|Any CPU.ActiveCfg = Release|Any CPU
		{C672889F-FFAB-4611-8F0A-7D3B5218323E}.Release|Any CPU.Build.0 = Release|Any CPU
		{B1123865-A78B-44E2-874F-C1F9C4502224}.Debug|Any CPU.ActiveCfg = Debug|Any CPU
		{B1123865-A78B-44E2-874F-C1F9C4502224}.Debug|Any CPU.Build.0 = Debug|Any CPU
		{B1123865-A78B-44E2-874F-C1F9C4502224}.Release|Any CPU.ActiveCfg = Release|Any CPU
		{B1123865-A78B-44E2-874F-C1F9C4502224}.Release|Any CPU.Build.0 = Release|Any CPU
		{F1A6C9E0-2007-4B46-B0D4-AF589E54E5E0}.Debug|Any CPU.ActiveCfg = Debug|Any CPU
		{F1A6C9E0-2007-4B46-B0D4-AF589E54E5E0}.Debug|Any CPU.Build.0 = Debug|Any CPU
		{F1A6C9E0-2007-4B46-B0D4-AF589E54E5E0}.Release|Any CPU.ActiveCfg = Release|Any CPU
		{F1A6C9E0-2007-4B46-B0D4-AF589E54E5E0}.Release|Any CPU.Build.0 = Release|Any CPU
		{A294C86B-1E1C-4C7F-A5E7-8C0330287E62}.Debug|Any CPU.ActiveCfg = Debug|Any CPU
		{A294C86B-1E1C-4C7F-A5E7-8C0330287E62}.Debug|Any CPU.Build.0 = Debug|Any CPU
		{A294C86B-1E1C-4C7F-A5E7-8C0330287E62}.Release|Any CPU.ActiveCfg = Release|Any CPU
		{A294C86B-1E1C-4C7F-A5E7-8C0330287E62}.Release|Any CPU.Build.0 = Release|Any CPU
		{8C209D9B-A355-455C-9969-EC1DFDF48833}.Debug|Any CPU.ActiveCfg = Debug|Any CPU
		{8C209D9B-A355-455C-9969-EC1DFDF48833}.Debug|Any CPU.Build.0 = Debug|Any CPU
		{8C209D9B-A355-455C-9969-EC1DFDF48833}.Release|Any CPU.ActiveCfg = Release|Any CPU
		{8C209D9B-A355-455C-9969-EC1DFDF48833}.Release|Any CPU.Build.0 = Release|Any CPU
		{27922FF8-4F80-480E-ACB5-A980D7520C41}.Debug|Any CPU.ActiveCfg = Debug|Any CPU
		{27922FF8-4F80-480E-ACB5-A980D7520C41}.Debug|Any CPU.Build.0 = Debug|Any CPU
		{27922FF8-4F80-480E-ACB5-A980D7520C41}.Release|Any CPU.ActiveCfg = Release|Any CPU
		{27922FF8-4F80-480E-ACB5-A980D7520C41}.Release|Any CPU.Build.0 = Release|Any CPU
	EndGlobalSection
	GlobalSection(SolutionProperties) = preSolution
		HideSolutionNode = FALSE
	EndGlobalSection
	GlobalSection(NestedProjects) = preSolution
		{A29691CC-D97C-4500-B20B-FDFA0D3F5707} = {7083F436-AF63-4B8E-8C90-18091C5B5320}
		{6E8A5E4E-AB09-4A38-AE42-D97CD72478FB} = {7083F436-AF63-4B8E-8C90-18091C5B5320}
		{7D6D58B8-B922-4A96-B122-1FA6AD322749} = {7083F436-AF63-4B8E-8C90-18091C5B5320}
		{E59D7918-56FB-4380-9253-0AE379477391} = {32F77C58-7709-4E9A-AAD9-D892FF32631B}
		{0609C772-0EA7-4BCE-A779-9FD1651D3F10} = {32F77C58-7709-4E9A-AAD9-D892FF32631B}
		{83211A93-D159-4E11-8CE7-4F407C05C430} = {32F77C58-7709-4E9A-AAD9-D892FF32631B}
		{A2ED83A9-28C5-42B8-9580-01AB8155BF73} = {0DCA405F-61C2-41A6-879E-619315180CB1}
		{B6E7D620-8CF4-448F-8F40-9A198A18AF89} = {0DCA405F-61C2-41A6-879E-619315180CB1}
		{FB4FBC49-652B-4D02-BDD0-BC17A20C43CA} = {0DCA405F-61C2-41A6-879E-619315180CB1}
		{C672889F-FFAB-4611-8F0A-7D3B5218323E} = {0DCA405F-61C2-41A6-879E-619315180CB1}
		{B1123865-A78B-44E2-874F-C1F9C4502224} = {0DCA405F-61C2-41A6-879E-619315180CB1}
		{F1A6C9E0-2007-4B46-B0D4-AF589E54E5E0} = {46D9B505-38C6-4DC9-8E72-DACD2C5E9F33}
		{A294C86B-1E1C-4C7F-A5E7-8C0330287E62} = {32F77C58-7709-4E9A-AAD9-D892FF32631B}
		{8C209D9B-A355-455C-9969-EC1DFDF48833} = {32CC51F3-F437-4D4B-A8D4-6F5F1786C530}
		{27922FF8-4F80-480E-ACB5-A980D7520C41} = {32CC51F3-F437-4D4B-A8D4-6F5F1786C530}
	EndGlobalSection
	GlobalSection(ExtensibilityGlobals) = postSolution
		SolutionGuid = {C13260C6-6C9F-4453-A04A-5B1F8502CAA7}
	EndGlobalSection
EndGlobal
