
Microsoft Visual Studio Solution File, Format Version 12.00
# Visual Studio Version 17
VisualStudioVersion = 17.1.32414.318
MinimumVisualStudioVersion = 10.0.40219.1
Project("{9A19103F-16F7-4668-BE54-9A1E7A4F7556}") = "Data.Common", "Data\Data.Common\Data.Common.csproj", "{6E8A5E4E-AB09-4A38-AE42-D97CD72478FB}"
EndProject
Project("{9A19103F-16F7-4668-BE54-9A1E7A4F7556}") = "Data.Entities", "Data\Data.Entities\Data.Entities.csproj", "{7D6D58B8-B922-4A96-B122-1FA6AD322749}"
EndProject
Project("{9A19103F-16F7-4668-BE54-9A1E7A4F7556}") = "API", "Web\API\API.csproj", "{E59D7918-56FB-4380-9253-0AE379477391}"
EndProject
Project("{2150E333-8FDC-42A3-9474-1A3956D46DE8}") = "Data", "Data", "{7083F436-AF63-4B8E-8C90-18091C5B5320}"
EndProject
Project("{2150E333-8FDC-42A3-9474-1A3956D46DE8}") = "Business", "Business", "{0DCA405F-61C2-41A6-879E-619315180CB1}"
EndProject
Project("{9A19103F-16F7-4668-BE54-9A1E7A4F7556}") = "Services.Data.Models", "Business\Services.Data.Models\Services.Data.Models.csproj", "{A2ED83A9-28C5-42B8-9580-01AB8155BF73}"
EndProject
Project("{9A19103F-16F7-4668-BE54-9A1E7A4F7556}") = "Services", "Business\Services\Services.csproj", "{B6E7D620-8CF4-448F-8F40-9A198A18AF89}"
EndProject
Project("{9A19103F-16F7-4668-BE54-9A1E7A4F7556}") = "Services.Data", "Business\Services.Data\Services.Data.csproj", "{FB4FBC49-652B-4D02-BDD0-BC17A20C43CA}"
EndProject
Project("{2150E333-8FDC-42A3-9474-1A3956D46DE8}") = "Tests", "Tests", "{32CC51F3-F437-4D4B-A8D4-6F5F1786C530}"
EndProject
Project("{9A19103F-16F7-4668-BE54-9A1E7A4F7556}") = "Mappings", "Business\Mappings\Mappings.csproj", "{C672889F-FFAB-4611-8F0A-7D3B5218323E}"
EndProject
Project("{9A19103F-16F7-4668-BE54-9A1E7A4F7556}") = "Emails", "Business\Emails\Emails.csproj", "{B1123865-A78B-44E2-874F-C1F9C4502224}"
EndProject
Project("{9A19103F-16F7-4668-BE54-9A1E7A4F7556}") = "Common", "Common\Common\Common.csproj", "{F1A6C9E0-2007-4B46-B0D4-AF589E54E5E0}"
EndProject
Project("{9A19103F-16F7-4668-BE54-9A1E7A4F7556}") = "CQRS", "Business\CQRS\CQRS.csproj", "{A294C86B-1E1C-4C7F-A5E7-8C0330287E62}"
EndProject
Project("{9A19103F-16F7-4668-BE54-9A1E7A4F7556}") = "Handlers.UnitTests", "Tests\UnitTests\Handlers.UnitTests\Handlers.UnitTests.csproj", "{8C209D9B-A355-455C-9969-EC1DFDF48833}"
EndProject
Project("{9A19103F-16F7-4668-BE54-9A1E7A4F7556}") = "Services.UnitTests", "Tests\UnitTests\Services.UnitTests\Services.UnitTests.csproj", "{27922FF8-4F80-480E-ACB5-A980D7520C41}"
EndProject
Project("{9A19103F-16F7-4668-BE54-9A1E7A4F7556}") = "Data.Interfaces", "Data\Data.Interfaces\Data.Interfaces.csproj", "{D8BC5C41-8B40-4F21-B45E-E9DDC7F4C1F7}"
EndProject
Project("{9A19103F-16F7-4668-BE54-9A1E7A4F7556}") = "Business.Interfaces", "Business\Business.Interfaces\Business.Interfaces.csproj", "{803C56E8-35D3-47CD-B82F-DA41AEBF248E}"
EndProject
Project("{9A19103F-16F7-4668-BE54-9A1E7A4F7556}") = "Services.Data.UnitTests", "Tests\UnitTests\Services.Data.UnitTests\Services.Data.UnitTests.csproj", "{45C1F5FA-7056-4AAE-A959-5291737845DF}"
EndProject
Project("{2150E333-8FDC-42A3-9474-1A3956D46DE8}") = "UnitTests", "UnitTests", "{0A92D850-A8CA-419C-8F69-2EEED14946B8}"
EndProject
Project("{2150E333-8FDC-42A3-9474-1A3956D46DE8}") = "IntegrationTests", "IntegrationTests", "{8B2F9C78-489C-4B20-BD1B-E5EAA1FFCB7F}"
EndProject
Project("{9A19103F-16F7-4668-BE54-9A1E7A4F7556}") = "Controllers.UnitTests", "Tests\UnitTests\Controllers.UnitTests\Controllers.UnitTests.csproj", "{DEDE912F-2124-42F2-97E3-239DF623664A}"
EndProject
Project("{9A19103F-16F7-4668-BE54-9A1E7A4F7556}") = "Data", "Data\Data\Data.csproj", "{567AEC64-E992-4DE0-8223-770D0001EF55}"
EndProject
Project("{2150E333-8FDC-42A3-9474-1A3956D46DE8}") = "Common", "Common", "{5C4E351B-8EBA-4198-9540-00470E67518B}"
EndProject
Project("{2150E333-8FDC-42A3-9474-1A3956D46DE8}") = "Web", "Web", "{6BC37574-D8C9-4B37-A231-B7BB4BBCEF40}"
EndProject
Global
	GlobalSection(SolutionConfigurationPlatforms) = preSolution
		Debug|Any CPU = Debug|Any CPU
		Release|Any CPU = Release|Any CPU
	EndGlobalSection
	GlobalSection(ProjectConfigurationPlatforms) = postSolution
		{6E8A5E4E-AB09-4A38-AE42-D97CD72478FB}.Debug|Any CPU.ActiveCfg = Debug|Any CPU
		{6E8A5E4E-AB09-4A38-AE42-D97CD72478FB}.Debug|Any CPU.Build.0 = Debug|Any CPU
		{6E8A5E4E-AB09-4A38-AE42-D97CD72478FB}.Release|Any CPU.ActiveCfg = Release|Any CPU
		{6E8A5E4E-AB09-4A38-AE42-D97CD72478FB}.Release|Any CPU.Build.0 = Release|Any CPU
		{7D6D58B8-B922-4A96-B122-1FA6AD322749}.Debug|Any CPU.ActiveCfg = Debug|Any CPU
		{7D6D58B8-B922-4A96-B122-1FA6AD322749}.Debug|Any CPU.Build.0 = Debug|Any CPU
		{7D6D58B8-B922-4A96-B122-1FA6AD322749}.Release|Any CPU.ActiveCfg = Release|Any CPU
		{7D6D58B8-B922-4A96-B122-1FA6AD322749}.Release|Any CPU.Build.0 = Release|Any CPU
		{E59D7918-56FB-4380-9253-0AE379477391}.Debug|Any CPU.ActiveCfg = Debug|Any CPU
		{E59D7918-56FB-4380-9253-0AE379477391}.Debug|Any CPU.Build.0 = Debug|Any CPU
		{E59D7918-56FB-4380-9253-0AE379477391}.Release|Any CPU.ActiveCfg = Release|Any CPU
		{E59D7918-56FB-4380-9253-0AE379477391}.Release|Any CPU.Build.0 = Release|Any CPU
		{A2ED83A9-28C5-42B8-9580-01AB8155BF73}.Debug|Any CPU.ActiveCfg = Debug|Any CPU
		{A2ED83A9-28C5-42B8-9580-01AB8155BF73}.Debug|Any CPU.Build.0 = Debug|Any CPU
		{A2ED83A9-28C5-42B8-9580-01AB8155BF73}.Release|Any CPU.ActiveCfg = Release|Any CPU
		{A2ED83A9-28C5-42B8-9580-01AB8155BF73}.Release|Any CPU.Build.0 = Release|Any CPU
		{B6E7D620-8CF4-448F-8F40-9A198A18AF89}.Debug|Any CPU.ActiveCfg = Debug|Any CPU
		{B6E7D620-8CF4-448F-8F40-9A198A18AF89}.Debug|Any CPU.Build.0 = Debug|Any CPU
		{B6E7D620-8CF4-448F-8F40-9A198A18AF89}.Release|Any CPU.ActiveCfg = Release|Any CPU
		{B6E7D620-8CF4-448F-8F40-9A198A18AF89}.Release|Any CPU.Build.0 = Release|Any CPU
		{FB4FBC49-652B-4D02-BDD0-BC17A20C43CA}.Debug|Any CPU.ActiveCfg = Debug|Any CPU
		{FB4FBC49-652B-4D02-BDD0-BC17A20C43CA}.Debug|Any CPU.Build.0 = Debug|Any CPU
		{FB4FBC49-652B-4D02-BDD0-BC17A20C43CA}.Release|Any CPU.ActiveCfg = Release|Any CPU
		{FB4FBC49-652B-4D02-BDD0-BC17A20C43CA}.Release|Any CPU.Build.0 = Release|Any CPU
		{C672889F-FFAB-4611-8F0A-7D3B5218323E}.Debug|Any CPU.ActiveCfg = Debug|Any CPU
		{C672889F-FFAB-4611-8F0A-7D3B5218323E}.Debug|Any CPU.Build.0 = Debug|Any CPU
		{C672889F-FFAB-4611-8F0A-7D3B5218323E}.Release|Any CPU.ActiveCfg = Release|Any CPU
		{C672889F-FFAB-4611-8F0A-7D3B5218323E}.Release|Any CPU.Build.0 = Release|Any CPU
		{B1123865-A78B-44E2-874F-C1F9C4502224}.Debug|Any CPU.ActiveCfg = Debug|Any CPU
		{B1123865-A78B-44E2-874F-C1F9C4502224}.Debug|Any CPU.Build.0 = Debug|Any CPU
		{B1123865-A78B-44E2-874F-C1F9C4502224}.Release|Any CPU.ActiveCfg = Release|Any CPU
		{B1123865-A78B-44E2-874F-C1F9C4502224}.Release|Any CPU.Build.0 = Release|Any CPU
		{F1A6C9E0-2007-4B46-B0D4-AF589E54E5E0}.Debug|Any CPU.ActiveCfg = Debug|Any CPU
		{F1A6C9E0-2007-4B46-B0D4-AF589E54E5E0}.Debug|Any CPU.Build.0 = Debug|Any CPU
		{F1A6C9E0-2007-4B46-B0D4-AF589E54E5E0}.Release|Any CPU.ActiveCfg = Release|Any CPU
		{F1A6C9E0-2007-4B46-B0D4-AF589E54E5E0}.Release|Any CPU.Build.0 = Release|Any CPU
		{A294C86B-1E1C-4C7F-A5E7-8C0330287E62}.Debug|Any CPU.ActiveCfg = Debug|Any CPU
		{A294C86B-1E1C-4C7F-A5E7-8C0330287E62}.Debug|Any CPU.Build.0 = Debug|Any CPU
		{A294C86B-1E1C-4C7F-A5E7-8C0330287E62}.Release|Any CPU.ActiveCfg = Release|Any CPU
		{A294C86B-1E1C-4C7F-A5E7-8C0330287E62}.Release|Any CPU.Build.0 = Release|Any CPU
		{8C209D9B-A355-455C-9969-EC1DFDF48833}.Debug|Any CPU.ActiveCfg = Debug|Any CPU
		{8C209D9B-A355-455C-9969-EC1DFDF48833}.Debug|Any CPU.Build.0 = Debug|Any CPU
		{8C209D9B-A355-455C-9969-EC1DFDF48833}.Release|Any CPU.ActiveCfg = Release|Any CPU
		{8C209D9B-A355-455C-9969-EC1DFDF48833}.Release|Any CPU.Build.0 = Release|Any CPU
		{27922FF8-4F80-480E-ACB5-A980D7520C41}.Debug|Any CPU.ActiveCfg = Debug|Any CPU
		{27922FF8-4F80-480E-ACB5-A980D7520C41}.Debug|Any CPU.Build.0 = Debug|Any CPU
		{27922FF8-4F80-480E-ACB5-A980D7520C41}.Release|Any CPU.ActiveCfg = Release|Any CPU
		{27922FF8-4F80-480E-ACB5-A980D7520C41}.Release|Any CPU.Build.0 = Release|Any CPU
		{D8BC5C41-8B40-4F21-B45E-E9DDC7F4C1F7}.Debug|Any CPU.ActiveCfg = Debug|Any CPU
		{D8BC5C41-8B40-4F21-B45E-E9DDC7F4C1F7}.Debug|Any CPU.Build.0 = Debug|Any CPU
		{D8BC5C41-8B40-4F21-B45E-E9DDC7F4C1F7}.Release|Any CPU.ActiveCfg = Release|Any CPU
		{D8BC5C41-8B40-4F21-B45E-E9DDC7F4C1F7}.Release|Any CPU.Build.0 = Release|Any CPU
		{803C56E8-35D3-47CD-B82F-DA41AEBF248E}.Debug|Any CPU.ActiveCfg = Debug|Any CPU
		{803C56E8-35D3-47CD-B82F-DA41AEBF248E}.Debug|Any CPU.Build.0 = Debug|Any CPU
		{803C56E8-35D3-47CD-B82F-DA41AEBF248E}.Release|Any CPU.ActiveCfg = Release|Any CPU
		{803C56E8-35D3-47CD-B82F-DA41AEBF248E}.Release|Any CPU.Build.0 = Release|Any CPU
		{45C1F5FA-7056-4AAE-A959-5291737845DF}.Debug|Any CPU.ActiveCfg = Debug|Any CPU
		{45C1F5FA-7056-4AAE-A959-5291737845DF}.Debug|Any CPU.Build.0 = Debug|Any CPU
		{45C1F5FA-7056-4AAE-A959-5291737845DF}.Release|Any CPU.ActiveCfg = Release|Any CPU
		{45C1F5FA-7056-4AAE-A959-5291737845DF}.Release|Any CPU.Build.0 = Release|Any CPU
		{DEDE912F-2124-42F2-97E3-239DF623664A}.Debug|Any CPU.ActiveCfg = Debug|Any CPU
		{DEDE912F-2124-42F2-97E3-239DF623664A}.Debug|Any CPU.Build.0 = Debug|Any CPU
		{DEDE912F-2124-42F2-97E3-239DF623664A}.Release|Any CPU.ActiveCfg = Release|Any CPU
		{DEDE912F-2124-42F2-97E3-239DF623664A}.Release|Any CPU.Build.0 = Release|Any CPU
		{567AEC64-E992-4DE0-8223-770D0001EF55}.Debug|Any CPU.ActiveCfg = Debug|Any CPU
		{567AEC64-E992-4DE0-8223-770D0001EF55}.Debug|Any CPU.Build.0 = Debug|Any CPU
		{567AEC64-E992-4DE0-8223-770D0001EF55}.Release|Any CPU.ActiveCfg = Release|Any CPU
		{567AEC64-E992-4DE0-8223-770D0001EF55}.Release|Any CPU.Build.0 = Release|Any CPU
	EndGlobalSection
	GlobalSection(SolutionProperties) = preSolution
		HideSolutionNode = FALSE
	EndGlobalSection
	GlobalSection(NestedProjects) = preSolution
		{6E8A5E4E-AB09-4A38-AE42-D97CD72478FB} = {7083F436-AF63-4B8E-8C90-18091C5B5320}
		{7D6D58B8-B922-4A96-B122-1FA6AD322749} = {7083F436-AF63-4B8E-8C90-18091C5B5320}
		{E59D7918-56FB-4380-9253-0AE379477391} = {6BC37574-D8C9-4B37-A231-B7BB4BBCEF40}
		{A2ED83A9-28C5-42B8-9580-01AB8155BF73} = {0DCA405F-61C2-41A6-879E-619315180CB1}
		{B6E7D620-8CF4-448F-8F40-9A198A18AF89} = {0DCA405F-61C2-41A6-879E-619315180CB1}
		{FB4FBC49-652B-4D02-BDD0-BC17A20C43CA} = {0DCA405F-61C2-41A6-879E-619315180CB1}
		{C672889F-FFAB-4611-8F0A-7D3B5218323E} = {0DCA405F-61C2-41A6-879E-619315180CB1}
		{B1123865-A78B-44E2-874F-C1F9C4502224} = {0DCA405F-61C2-41A6-879E-619315180CB1}
		{F1A6C9E0-2007-4B46-B0D4-AF589E54E5E0} = {5C4E351B-8EBA-4198-9540-00470E67518B}
		{A294C86B-1E1C-4C7F-A5E7-8C0330287E62} = {0DCA405F-61C2-41A6-879E-619315180CB1}
		{8C209D9B-A355-455C-9969-EC1DFDF48833} = {0A92D850-A8CA-419C-8F69-2EEED14946B8}
		{27922FF8-4F80-480E-ACB5-A980D7520C41} = {0A92D850-A8CA-419C-8F69-2EEED14946B8}
		{D8BC5C41-8B40-4F21-B45E-E9DDC7F4C1F7} = {7083F436-AF63-4B8E-8C90-18091C5B5320}
		{803C56E8-35D3-47CD-B82F-DA41AEBF248E} = {0DCA405F-61C2-41A6-879E-619315180CB1}
		{45C1F5FA-7056-4AAE-A959-5291737845DF} = {0A92D850-A8CA-419C-8F69-2EEED14946B8}
		{0A92D850-A8CA-419C-8F69-2EEED14946B8} = {32CC51F3-F437-4D4B-A8D4-6F5F1786C530}
		{8B2F9C78-489C-4B20-BD1B-E5EAA1FFCB7F} = {32CC51F3-F437-4D4B-A8D4-6F5F1786C530}
		{DEDE912F-2124-42F2-97E3-239DF623664A} = {0A92D850-A8CA-419C-8F69-2EEED14946B8}
		{567AEC64-E992-4DE0-8223-770D0001EF55} = {7083F436-AF63-4B8E-8C90-18091C5B5320}
	EndGlobalSection
	GlobalSection(ExtensibilityGlobals) = postSolution
		SolutionGuid = {C13260C6-6C9F-4453-A04A-5B1F8502CAA7}
	EndGlobalSection
EndGlobal
